
Microsoft Visual Studio Solution File, Format Version 12.00
# Visual Studio 14
VisualStudioVersion = 14.0.25420.1
MinimumVisualStudioVersion = 10.0.40219.1
Project("{FAE04EC0-301F-11D3-BF4B-00C04F79EFBC}") = "PWF", "PWF\PWF.csproj", "{43AC5376-A0E2-4A82-A572-D16B4A9DFADE}"
EndProject
Global
	GlobalSection(SolutionConfigurationPlatforms) = preSolution
		Debug|Any CPU = Debug|Any CPU
		Release|Any CPU = Release|Any CPU
	EndGlobalSection
	GlobalSection(ProjectConfigurationPlatforms) = postSolution
		{43AC5376-A0E2-4A82-A572-D16B4A9DFADE}.Debug|Any CPU.ActiveCfg = Debug|Any CPU
		{43AC5376-A0E2-4A82-A572-D16B4A9DFADE}.Debug|Any CPU.Build.0 = Debug|Any CPU
		{43AC5376-A0E2-4A82-A572-D16B4A9DFADE}.Release|Any CPU.ActiveCfg = Release|Any CPU
		{43AC5376-A0E2-4A82-A572-D16B4A9DFADE}.Release|Any CPU.Build.0 = Release|Any CPU
	EndGlobalSection
	GlobalSection(SolutionProperties) = preSolution
		HideSolutionNode = FALSE
	EndGlobalSection
EndGlobal
